// !$*UTF8*$!
{
	archiveVersion = 1;
	classes = {
	};
	objectVersion = 56;
	objects = {

/* Begin PBXBuildFile section */
		2A753D54739C1B900D91F39F /* Pods_littlePink_git.framework in Frameworks */ = {isa = PBXBuildFile; fileRef = 9B73A008A37B593C8E70E941 /* Pods_littlePink_git.framework */; };
		A02AE1C92A723641008882BD /* Main.storyboard in Resources */ = {isa = PBXBuildFile; fileRef = A02AE1C82A723641008882BD /* Main.storyboard */; };
		A02AE1CB2A72368E008882BD /* LaunchScreen.storyboard in Resources */ = {isa = PBXBuildFile; fileRef = A02AE1CA2A72368D008882BD /* LaunchScreen.storyboard */; };
		A02EF0952A786E370095A902 /* TabBarVC.swift in Sources */ = {isa = PBXBuildFile; fileRef = A02EF0942A786E370095A902 /* TabBarVC.swift */; };
		A02EF0972A7871370095A902 /* PostVC.swift in Sources */ = {isa = PBXBuildFile; fileRef = A02EF0962A7871370095A902 /* PostVC.swift */; };
		A04397BA2AA6FA7700EDF355 /* testVideo.mp4 in Resources */ = {isa = PBXBuildFile; fileRef = A04397B92AA6F97400EDF355 /* testVideo.mp4 */; };
		A04397BC2AA6FD6E00EDF355 /* NoteEditVC-DragDrop.swift in Sources */ = {isa = PBXBuildFile; fileRef = A04397BB2AA6FD6E00EDF355 /* NoteEditVC-DragDrop.swift */; };
		A04397BE2AA71BC000EDF355 /* NoteEditVC-CollectionView.swift in Sources */ = {isa = PBXBuildFile; fileRef = A04397BD2AA71BC000EDF355 /* NoteEditVC-CollectionView.swift */; };
		A054839A2A820739005FAE68 /* Extensions.swift in Sources */ = {isa = PBXBuildFile; fileRef = A05483992A820739005FAE68 /* Extensions.swift */; };
		A07514D52A6D16800069881F /* AppDelegate.swift in Sources */ = {isa = PBXBuildFile; fileRef = A07514D42A6D16800069881F /* AppDelegate.swift */; };
		A07514D72A6D16800069881F /* SceneDelegate.swift in Sources */ = {isa = PBXBuildFile; fileRef = A07514D62A6D16800069881F /* SceneDelegate.swift */; };
		A07514DE2A6D16820069881F /* Assets.xcassets in Resources */ = {isa = PBXBuildFile; fileRef = A07514DD2A6D16820069881F /* Assets.xcassets */; };
		A084B3682A9F28DA00229F24 /* PhotoFooter.swift in Sources */ = {isa = PBXBuildFile; fileRef = A084B3672A9F28DA00229F24 /* PhotoFooter.swift */; };
		A0A774D12A9C33EA0038BAC5 /* NoteEditVC.swift in Sources */ = {isa = PBXBuildFile; fileRef = A0A774D02A9C33EA0038BAC5 /* NoteEditVC.swift */; };
		A0A774D32A9C451C0038BAC5 /* PhotoCell.swift in Sources */ = {isa = PBXBuildFile; fileRef = A0A774D22A9C451C0038BAC5 /* PhotoCell.swift */; };
		A0B4EC302A6F9FAA0034687C /* .gitignore in Resources */ = {isa = PBXBuildFile; fileRef = A0B4EC2F2A6F9FAA0034687C /* .gitignore */; };
		A0C79A1D2A75E5E700084545 /* HomeVC.swift in Sources */ = {isa = PBXBuildFile; fileRef = A0C79A1C2A75E5E700084545 /* HomeVC.swift */; };
		A0C79A1F2A75ED2400084545 /* FollowVC.swift in Sources */ = {isa = PBXBuildFile; fileRef = A0C79A1E2A75ED2400084545 /* FollowVC.swift */; };
		A0C79A212A75ED4400084545 /* DiscoveryVC.swift in Sources */ = {isa = PBXBuildFile; fileRef = A0C79A202A75ED4400084545 /* DiscoveryVC.swift */; };
		A0C79A232A75ED5500084545 /* NearVC.swift in Sources */ = {isa = PBXBuildFile; fileRef = A0C79A222A75ED5500084545 /* NearVC.swift */; };
		A0C79A252A75EF4B00084545 /* Constants.swift in Sources */ = {isa = PBXBuildFile; fileRef = A0C79A242A75EF4B00084545 /* Constants.swift */; };
		A0C79A282A773CB800084545 /* waterFallVC.swift in Sources */ = {isa = PBXBuildFile; fileRef = A0C79A272A773CB800084545 /* waterFallVC.swift */; };
		A0C79A2A2A77450900084545 /* WaterfallCell.swift in Sources */ = {isa = PBXBuildFile; fileRef = A0C79A292A77450900084545 /* WaterfallCell.swift */; };
		A0C79A2F2A77834900084545 /* testVC.swift in Sources */ = {isa = PBXBuildFile; fileRef = A0C79A2E2A77834900084545 /* testVC.swift */; };
		A0C79A312A77846700084545 /* testCell.swift in Sources */ = {isa = PBXBuildFile; fileRef = A0C79A302A77846700084545 /* testCell.swift */; };
/* End PBXBuildFile section */

/* Begin PBXFileReference section */
		2F3881356806FF45D431A49B /* Pods-littlePink-git.debug.xcconfig */ = {isa = PBXFileReference; includeInIndex = 1; lastKnownFileType = text.xcconfig; name = "Pods-littlePink-git.debug.xcconfig"; path = "Target Support Files/Pods-littlePink-git/Pods-littlePink-git.debug.xcconfig"; sourceTree = "<group>"; };
		7410012298097E13363649BE /* Pods-littlePink-git.release.xcconfig */ = {isa = PBXFileReference; includeInIndex = 1; lastKnownFileType = text.xcconfig; name = "Pods-littlePink-git.release.xcconfig"; path = "Target Support Files/Pods-littlePink-git/Pods-littlePink-git.release.xcconfig"; sourceTree = "<group>"; };
		9B73A008A37B593C8E70E941 /* Pods_littlePink_git.framework */ = {isa = PBXFileReference; explicitFileType = wrapper.framework; includeInIndex = 0; path = Pods_littlePink_git.framework; sourceTree = BUILT_PRODUCTS_DIR; };
		A01A0F6F2A9EDD5200C37C6D /* metatype.playground */ = {isa = PBXFileReference; lastKnownFileType = file.playground; path = metatype.playground; sourceTree = "<group>"; xcLanguageSpecificationIdentifier = xcode.lang.swift; };
		A01A0F702A9EE61500C37C6D /* Resources */ = {isa = PBXFileReference; lastKnownFileType = text; name = Resources; path = metatype.playground/Resources; sourceTree = "<group>"; };
		A02AE1C82A723641008882BD /* Main.storyboard */ = {isa = PBXFileReference; fileEncoding = 4; lastKnownFileType = file.storyboard; path = Main.storyboard; sourceTree = "<group>"; };
		A02AE1CA2A72368D008882BD /* LaunchScreen.storyboard */ = {isa = PBXFileReference; fileEncoding = 4; lastKnownFileType = file.storyboard; path = LaunchScreen.storyboard; sourceTree = "<group>"; };
		A02EF0942A786E370095A902 /* TabBarVC.swift */ = {isa = PBXFileReference; lastKnownFileType = sourcecode.swift; path = TabBarVC.swift; sourceTree = "<group>"; };
		A02EF0962A7871370095A902 /* PostVC.swift */ = {isa = PBXFileReference; lastKnownFileType = sourcecode.swift; path = PostVC.swift; sourceTree = "<group>"; };
		A042B9772A85DB1300B5C733 /* closured.playground */ = {isa = PBXFileReference; lastKnownFileType = file.playground; name = closured.playground; path = ../../../../images/closured.playground; sourceTree = "<group>"; xcLanguageSpecificationIdentifier = xcode.lang.swift; };
		A04397B92AA6F97400EDF355 /* testVideo.mp4 */ = {isa = PBXFileReference; lastKnownFileType = file; path = testVideo.mp4; sourceTree = "<group>"; };
		A04397BB2AA6FD6E00EDF355 /* NoteEditVC-DragDrop.swift */ = {isa = PBXFileReference; lastKnownFileType = sourcecode.swift; path = "NoteEditVC-DragDrop.swift"; sourceTree = "<group>"; };
		A04397BD2AA71BC000EDF355 /* NoteEditVC-CollectionView.swift */ = {isa = PBXFileReference; lastKnownFileType = sourcecode.swift; path = "NoteEditVC-CollectionView.swift"; sourceTree = "<group>"; };
		A05483992A820739005FAE68 /* Extensions.swift */ = {isa = PBXFileReference; lastKnownFileType = sourcecode.swift; path = Extensions.swift; sourceTree = "<group>"; };
		A069009A2A9C6CD800DABE44 /* collectionview.playground */ = {isa = PBXFileReference; lastKnownFileType = file.playground; path = collectionview.playground; sourceTree = "<group>"; xcLanguageSpecificationIdentifier = xcode.lang.swift; };
		A069009B2A9D68F900DABE44 /* 枚举.playground */ = {isa = PBXFileReference; lastKnownFileType = file.playground; path = "枚举.playground"; sourceTree = "<group>"; xcLanguageSpecificationIdentifier = xcode.lang.swift; };
		A07514D12A6D16800069881F /* littlePink-git.app */ = {isa = PBXFileReference; explicitFileType = wrapper.application; includeInIndex = 0; path = "littlePink-git.app"; sourceTree = BUILT_PRODUCTS_DIR; };
		A07514D42A6D16800069881F /* AppDelegate.swift */ = {isa = PBXFileReference; lastKnownFileType = sourcecode.swift; path = AppDelegate.swift; sourceTree = "<group>"; };
		A07514D62A6D16800069881F /* SceneDelegate.swift */ = {isa = PBXFileReference; lastKnownFileType = sourcecode.swift; path = SceneDelegate.swift; sourceTree = "<group>"; };
		A07514DD2A6D16820069881F /* Assets.xcassets */ = {isa = PBXFileReference; lastKnownFileType = folder.assetcatalog; path = Assets.xcassets; sourceTree = "<group>"; };
		A07514E22A6D16820069881F /* Info.plist */ = {isa = PBXFileReference; lastKnownFileType = text.plist.xml; path = Info.plist; sourceTree = "<group>"; };
		A084B3672A9F28DA00229F24 /* PhotoFooter.swift */ = {isa = PBXFileReference; lastKnownFileType = sourcecode.swift; path = PhotoFooter.swift; sourceTree = "<group>"; };
		A0A774CF2A9C1E260038BAC5 /* ARC+circular reference.playground */ = {isa = PBXFileReference; lastKnownFileType = file.playground; path = "ARC+circular reference.playground"; sourceTree = "<group>"; xcLanguageSpecificationIdentifier = xcode.lang.swift; };
		A0A774D02A9C33EA0038BAC5 /* NoteEditVC.swift */ = {isa = PBXFileReference; lastKnownFileType = sourcecode.swift; path = NoteEditVC.swift; sourceTree = "<group>"; };
		A0A774D22A9C451C0038BAC5 /* PhotoCell.swift */ = {isa = PBXFileReference; lastKnownFileType = sourcecode.swift; path = PhotoCell.swift; sourceTree = "<group>"; };
		A0B4EC2F2A6F9FAA0034687C /* .gitignore */ = {isa = PBXFileReference; fileEncoding = 4; lastKnownFileType = text; path = .gitignore; sourceTree = "<group>"; };
		A0C79A1C2A75E5E700084545 /* HomeVC.swift */ = {isa = PBXFileReference; lastKnownFileType = sourcecode.swift; path = HomeVC.swift; sourceTree = "<group>"; };
		A0C79A1E2A75ED2400084545 /* FollowVC.swift */ = {isa = PBXFileReference; lastKnownFileType = sourcecode.swift; path = FollowVC.swift; sourceTree = "<group>"; };
		A0C79A202A75ED4400084545 /* DiscoveryVC.swift */ = {isa = PBXFileReference; lastKnownFileType = sourcecode.swift; path = DiscoveryVC.swift; sourceTree = "<group>"; };
		A0C79A222A75ED5500084545 /* NearVC.swift */ = {isa = PBXFileReference; lastKnownFileType = sourcecode.swift; path = NearVC.swift; sourceTree = "<group>"; };
		A0C79A242A75EF4B00084545 /* Constants.swift */ = {isa = PBXFileReference; lastKnownFileType = sourcecode.swift; path = Constants.swift; sourceTree = "<group>"; };
		A0C79A272A773CB800084545 /* waterFallVC.swift */ = {isa = PBXFileReference; lastKnownFileType = sourcecode.swift; path = waterFallVC.swift; sourceTree = "<group>"; };
		A0C79A292A77450900084545 /* WaterfallCell.swift */ = {isa = PBXFileReference; lastKnownFileType = sourcecode.swift; path = WaterfallCell.swift; sourceTree = "<group>"; };
		A0C79A2D2A77716800084545 /* readme.md */ = {isa = PBXFileReference; lastKnownFileType = net.daringfireball.markdown; path = readme.md; sourceTree = "<group>"; };
		A0C79A2E2A77834900084545 /* testVC.swift */ = {isa = PBXFileReference; lastKnownFileType = sourcecode.swift; path = testVC.swift; sourceTree = "<group>"; };
		A0C79A302A77846700084545 /* testCell.swift */ = {isa = PBXFileReference; lastKnownFileType = sourcecode.swift; path = testCell.swift; sourceTree = "<group>"; };
		A0DDB4C92AA53CD800CD0A1F /* Little-Pink-Bridging-Header.h */ = {isa = PBXFileReference; lastKnownFileType = sourcecode.c.h; path = "Little-Pink-Bridging-Header.h"; sourceTree = "<group>"; };
		A0F455172A9B339100119573 /* valueTypeAndReferenceType.playground */ = {isa = PBXFileReference; lastKnownFileType = file.playground; path = valueTypeAndReferenceType.playground; sourceTree = "<group>"; xcLanguageSpecificationIdentifier = xcode.lang.swift; };
/* End PBXFileReference section */

/* Begin PBXFrameworksBuildPhase section */
		A07514CE2A6D16800069881F /* Frameworks */ = {
			isa = PBXFrameworksBuildPhase;
			buildActionMask = 2147483647;
			files = (
				2A753D54739C1B900D91F39F /* Pods_littlePink_git.framework in Frameworks */,
			);
			runOnlyForDeploymentPostprocessing = 0;
		};
/* End PBXFrameworksBuildPhase section */

/* Begin PBXGroup section */
		A042B9752A844E0600B5C733 /* Demo+PH */ = {
			isa = PBXGroup;
			children = (
				A02EF0942A786E370095A902 /* TabBarVC.swift */,
			);
			path = "Demo+PH";
			sourceTree = "<group>";
		};
		A07514C82A6D16800069881F = {
			isa = PBXGroup;
			children = (
				A0C79A2D2A77716800084545 /* readme.md */,
				A0B4EC2F2A6F9FAA0034687C /* .gitignore */,
				A07514D32A6D16800069881F /* littlePink-git */,
				A07514D22A6D16800069881F /* Products */,
				E7A0063CCE5A7D2A17ECD9CF /* Pods */,
				D6E6EA47D063BB7FE5314E4E /* Frameworks */,
			);
			sourceTree = "<group>";
		};
		A07514D22A6D16800069881F /* Products */ = {
			isa = PBXGroup;
			children = (
				A07514D12A6D16800069881F /* littlePink-git.app */,
			);
			name = Products;
			sourceTree = "<group>";
		};
		A07514D32A6D16800069881F /* littlePink-git */ = {
			isa = PBXGroup;
			children = (
				A01A0F6F2A9EDD5200C37C6D /* metatype.playground */,
				A01A0F702A9EE61500C37C6D /* Resources */,
				A0A774CF2A9C1E260038BAC5 /* ARC+circular reference.playground */,
				A0F455172A9B339100119573 /* valueTypeAndReferenceType.playground */,
				A042B9772A85DB1300B5C733 /* closured.playground */,
				A069009A2A9C6CD800DABE44 /* collectionview.playground */,
				A069009B2A9D68F900DABE44 /* 枚举.playground */,
				A07514D42A6D16800069881F /* AppDelegate.swift */,
				A07514D62A6D16800069881F /* SceneDelegate.swift */,
				A02AE1C82A723641008882BD /* Main.storyboard */,
				A02AE1CA2A72368D008882BD /* LaunchScreen.storyboard */,
				A084B3692A9F353100229F24 /* NoteEdit */,
				A02EF0962A7871370095A902 /* PostVC.swift */,
				A042B9752A844E0600B5C733 /* Demo+PH */,
				A0C79A302A77846700084545 /* testCell.swift */,
				A0C79A2E2A77834900084545 /* testVC.swift */,
				A0C79A2B2A7770CA00084545 /* WaterFall */,
				A0C79A262A75F38A00084545 /* Home */,
				A0C79A2C2A77710D00084545 /* Commen */,
				A07514DD2A6D16820069881F /* Assets.xcassets */,
				A07514E22A6D16820069881F /* Info.plist */,
				A0DDB4C92AA53CD800CD0A1F /* Little-Pink-Bridging-Header.h */,
				A04397B92AA6F97400EDF355 /* testVideo.mp4 */,
			);
			path = "littlePink-git";
			sourceTree = "<group>";
		};
		A084B3692A9F353100229F24 /* NoteEdit */ = {
			isa = PBXGroup;
			children = (
				A0A774D02A9C33EA0038BAC5 /* NoteEditVC.swift */,
				A04397BD2AA71BC000EDF355 /* NoteEditVC-CollectionView.swift */,
				A084B3672A9F28DA00229F24 /* PhotoFooter.swift */,
				A0A774D22A9C451C0038BAC5 /* PhotoCell.swift */,
				A04397BB2AA6FD6E00EDF355 /* NoteEditVC-DragDrop.swift */,
			);
			path = NoteEdit;
			sourceTree = "<group>";
		};
		A0C79A262A75F38A00084545 /* Home */ = {
			isa = PBXGroup;
			children = (
				A0C79A1E2A75ED2400084545 /* FollowVC.swift */,
				A0C79A1C2A75E5E700084545 /* HomeVC.swift */,
				A0C79A202A75ED4400084545 /* DiscoveryVC.swift */,
				A0C79A222A75ED5500084545 /* NearVC.swift */,
			);
			path = Home;
			sourceTree = "<group>";
		};
		A0C79A2B2A7770CA00084545 /* WaterFall */ = {
			isa = PBXGroup;
			children = (
				A0C79A272A773CB800084545 /* waterFallVC.swift */,
				A0C79A292A77450900084545 /* WaterfallCell.swift */,
			);
			name = WaterFall;
			sourceTree = "<group>";
		};
		A0C79A2C2A77710D00084545 /* Commen */ = {
			isa = PBXGroup;
			children = (
				A05483992A820739005FAE68 /* Extensions.swift */,
				A0C79A242A75EF4B00084545 /* Constants.swift */,
			);
			path = Commen;
			sourceTree = "<group>";
		};
		D6E6EA47D063BB7FE5314E4E /* Frameworks */ = {
			isa = PBXGroup;
			children = (
				9B73A008A37B593C8E70E941 /* Pods_littlePink_git.framework */,
			);
			name = Frameworks;
			sourceTree = "<group>";
		};
		E7A0063CCE5A7D2A17ECD9CF /* Pods */ = {
			isa = PBXGroup;
			children = (
				2F3881356806FF45D431A49B /* Pods-littlePink-git.debug.xcconfig */,
				7410012298097E13363649BE /* Pods-littlePink-git.release.xcconfig */,
			);
			path = Pods;
			sourceTree = "<group>";
		};
/* End PBXGroup section */

/* Begin PBXNativeTarget section */
		A07514D02A6D16800069881F /* littlePink-git */ = {
			isa = PBXNativeTarget;
			buildConfigurationList = A07514E52A6D16820069881F /* Build configuration list for PBXNativeTarget "littlePink-git" */;
			buildPhases = (
				48DBEDBDCB322066533DD666 /* [CP] Check Pods Manifest.lock */,
				A07514CD2A6D16800069881F /* Sources */,
				A07514CE2A6D16800069881F /* Frameworks */,
				A07514CF2A6D16800069881F /* Resources */,
				45CE3FFD9706420647F3ADC7 /* [CP] Embed Pods Frameworks */,
			);
			buildRules = (
			);
			dependencies = (
			);
			name = "littlePink-git";
			productName = "littlePink-git";
			productReference = A07514D12A6D16800069881F /* littlePink-git.app */;
			productType = "com.apple.product-type.application";
		};
/* End PBXNativeTarget section */

/* Begin PBXProject section */
		A07514C92A6D16800069881F /* Project object */ = {
			isa = PBXProject;
			attributes = {
				BuildIndependentTargetsInParallel = 1;
				LastSwiftUpdateCheck = 1430;
				LastUpgradeCheck = 1430;
				TargetAttributes = {
					A07514D02A6D16800069881F = {
						CreatedOnToolsVersion = 14.3;
					};
				};
			};
			buildConfigurationList = A07514CC2A6D16800069881F /* Build configuration list for PBXProject "littlePink-git" */;
			compatibilityVersion = "Xcode 14.0";
			developmentRegion = "zh-Hans";
			hasScannedForEncodings = 0;
			knownRegions = (
				en,
				Base,
				"zh-Hans",
			);
			mainGroup = A07514C82A6D16800069881F;
			productRefGroup = A07514D22A6D16800069881F /* Products */;
			projectDirPath = "";
			projectRoot = "";
			targets = (
				A07514D02A6D16800069881F /* littlePink-git */,
			);
		};
/* End PBXProject section */

/* Begin PBXResourcesBuildPhase section */
		A07514CF2A6D16800069881F /* Resources */ = {
			isa = PBXResourcesBuildPhase;
			buildActionMask = 2147483647;
			files = (
				A0B4EC302A6F9FAA0034687C /* .gitignore in Resources */,
				A02AE1CB2A72368E008882BD /* LaunchScreen.storyboard in Resources */,
				A07514DE2A6D16820069881F /* Assets.xcassets in Resources */,
				A04397BA2AA6FA7700EDF355 /* testVideo.mp4 in Resources */,
				A02AE1C92A723641008882BD /* Main.storyboard in Resources */,
			);
			runOnlyForDeploymentPostprocessing = 0;
		};
/* End PBXResourcesBuildPhase section */

/* Begin PBXShellScriptBuildPhase section */
		45CE3FFD9706420647F3ADC7 /* [CP] Embed Pods Frameworks */ = {
			isa = PBXShellScriptBuildPhase;
			buildActionMask = 2147483647;
			files = (
			);
			inputFileListPaths = (
				"${PODS_ROOT}/Target Support Files/Pods-littlePink-git/Pods-littlePink-git-frameworks-${CONFIGURATION}-input-files.xcfilelist",
			);
			name = "[CP] Embed Pods Frameworks";
			outputFileListPaths = (
				"${PODS_ROOT}/Target Support Files/Pods-littlePink-git/Pods-littlePink-git-frameworks-${CONFIGURATION}-output-files.xcfilelist",
			);
			runOnlyForDeploymentPostprocessing = 0;
			shellPath = /bin/sh;
			shellScript = "\"${PODS_ROOT}/Target Support Files/Pods-littlePink-git/Pods-littlePink-git-frameworks.sh\"\n";
			showEnvVarsInLog = 0;
		};
		48DBEDBDCB322066533DD666 /* [CP] Check Pods Manifest.lock */ = {
			isa = PBXShellScriptBuildPhase;
			buildActionMask = 2147483647;
			files = (
			);
			inputFileListPaths = (
			);
			inputPaths = (
				"${PODS_PODFILE_DIR_PATH}/Podfile.lock",
				"${PODS_ROOT}/Manifest.lock",
			);
			name = "[CP] Check Pods Manifest.lock";
			outputFileListPaths = (
			);
			outputPaths = (
				"$(DERIVED_FILE_DIR)/Pods-littlePink-git-checkManifestLockResult.txt",
			);
			runOnlyForDeploymentPostprocessing = 0;
			shellPath = /bin/sh;
			shellScript = "diff \"${PODS_PODFILE_DIR_PATH}/Podfile.lock\" \"${PODS_ROOT}/Manifest.lock\" > /dev/null\nif [ $? != 0 ] ; then\n    # print error to STDERR\n    echo \"error: The sandbox is not in sync with the Podfile.lock. Run 'pod install' or update your CocoaPods installation.\" >&2\n    exit 1\nfi\n# This output is used by Xcode 'outputs' to avoid re-running this script phase.\necho \"SUCCESS\" > \"${SCRIPT_OUTPUT_FILE_0}\"\n";
			showEnvVarsInLog = 0;
		};
/* End PBXShellScriptBuildPhase section */

/* Begin PBXSourcesBuildPhase section */
		A07514CD2A6D16800069881F /* Sources */ = {
			isa = PBXSourcesBuildPhase;
			buildActionMask = 2147483647;
			files = (
				A02EF0972A7871370095A902 /* PostVC.swift in Sources */,
				A0C79A212A75ED4400084545 /* DiscoveryVC.swift in Sources */,
				A07514D52A6D16800069881F /* AppDelegate.swift in Sources */,
				A0C79A312A77846700084545 /* testCell.swift in Sources */,
				A0A774D32A9C451C0038BAC5 /* PhotoCell.swift in Sources */,
				A0C79A1F2A75ED2400084545 /* FollowVC.swift in Sources */,
				A0C79A2A2A77450900084545 /* WaterfallCell.swift in Sources */,
				A0C79A1D2A75E5E700084545 /* HomeVC.swift in Sources */,
				A0C79A252A75EF4B00084545 /* Constants.swift in Sources */,
				A0C79A2F2A77834900084545 /* testVC.swift in Sources */,
				A084B3682A9F28DA00229F24 /* PhotoFooter.swift in Sources */,
				A054839A2A820739005FAE68 /* Extensions.swift in Sources */,
				A0C79A232A75ED5500084545 /* NearVC.swift in Sources */,
				A04397BE2AA71BC000EDF355 /* NoteEditVC-CollectionView.swift in Sources */,
				A04397BC2AA6FD6E00EDF355 /* NoteEditVC-DragDrop.swift in Sources */,
				A07514D72A6D16800069881F /* SceneDelegate.swift in Sources */,
				A0A774D12A9C33EA0038BAC5 /* NoteEditVC.swift in Sources */,
				A02EF0952A786E370095A902 /* TabBarVC.swift in Sources */,
				A0C79A282A773CB800084545 /* waterFallVC.swift in Sources */,
			);
			runOnlyForDeploymentPostprocessing = 0;
		};
/* End PBXSourcesBuildPhase section */

/* Begin XCBuildConfiguration section */
		A07514E32A6D16820069881F /* Debug */ = {
			isa = XCBuildConfiguration;
			buildSettings = {
				ALWAYS_SEARCH_USER_PATHS = NO;
				CLANG_ANALYZER_NONNULL = YES;
				CLANG_ANALYZER_NUMBER_OBJECT_CONVERSION = YES_AGGRESSIVE;
				CLANG_CXX_LANGUAGE_STANDARD = "gnu++20";
				CLANG_ENABLE_MODULES = YES;
				CLANG_ENABLE_OBJC_ARC = YES;
				CLANG_ENABLE_OBJC_WEAK = YES;
				CLANG_WARN_BLOCK_CAPTURE_AUTORELEASING = YES;
				CLANG_WARN_BOOL_CONVERSION = YES;
				CLANG_WARN_COMMA = YES;
				CLANG_WARN_CONSTANT_CONVERSION = YES;
				CLANG_WARN_DEPRECATED_OBJC_IMPLEMENTATIONS = YES;
				CLANG_WARN_DIRECT_OBJC_ISA_USAGE = YES_ERROR;
				CLANG_WARN_DOCUMENTATION_COMMENTS = YES;
				CLANG_WARN_EMPTY_BODY = YES;
				CLANG_WARN_ENUM_CONVERSION = YES;
				CLANG_WARN_INFINITE_RECURSION = YES;
				CLANG_WARN_INT_CONVERSION = YES;
				CLANG_WARN_NON_LITERAL_NULL_CONVERSION = YES;
				CLANG_WARN_OBJC_IMPLICIT_RETAIN_SELF = YES;
				CLANG_WARN_OBJC_LITERAL_CONVERSION = YES;
				CLANG_WARN_OBJC_ROOT_CLASS = YES_ERROR;
				CLANG_WARN_QUOTED_INCLUDE_IN_FRAMEWORK_HEADER = YES;
				CLANG_WARN_RANGE_LOOP_ANALYSIS = YES;
				CLANG_WARN_STRICT_PROTOTYPES = YES;
				CLANG_WARN_SUSPICIOUS_MOVE = YES;
				CLANG_WARN_UNGUARDED_AVAILABILITY = YES_AGGRESSIVE;
				CLANG_WARN_UNREACHABLE_CODE = YES;
				CLANG_WARN__DUPLICATE_METHOD_MATCH = YES;
				COPY_PHASE_STRIP = NO;
				DEBUG_INFORMATION_FORMAT = dwarf;
				ENABLE_STRICT_OBJC_MSGSEND = YES;
				ENABLE_TESTABILITY = YES;
				GCC_C_LANGUAGE_STANDARD = gnu11;
				GCC_DYNAMIC_NO_PIC = NO;
				GCC_NO_COMMON_BLOCKS = YES;
				GCC_OPTIMIZATION_LEVEL = 0;
				GCC_PREPROCESSOR_DEFINITIONS = (
					"DEBUG=1",
					"$(inherited)",
				);
				GCC_WARN_64_TO_32_BIT_CONVERSION = YES;
				GCC_WARN_ABOUT_RETURN_TYPE = YES_ERROR;
				GCC_WARN_UNDECLARED_SELECTOR = YES;
				GCC_WARN_UNINITIALIZED_AUTOS = YES_AGGRESSIVE;
				GCC_WARN_UNUSED_FUNCTION = YES;
				GCC_WARN_UNUSED_VARIABLE = YES;
				IPHONEOS_DEPLOYMENT_TARGET = 14.1;
				MTL_ENABLE_DEBUG_INFO = INCLUDE_SOURCE;
				MTL_FAST_MATH = YES;
				ONLY_ACTIVE_ARCH = YES;
				SDKROOT = iphoneos;
				SWIFT_ACTIVE_COMPILATION_CONDITIONS = DEBUG;
				SWIFT_OPTIMIZATION_LEVEL = "-Onone";
			};
			name = Debug;
		};
		A07514E42A6D16820069881F /* Release */ = {
			isa = XCBuildConfiguration;
			buildSettings = {
				ALWAYS_SEARCH_USER_PATHS = NO;
				CLANG_ANALYZER_NONNULL = YES;
				CLANG_ANALYZER_NUMBER_OBJECT_CONVERSION = YES_AGGRESSIVE;
				CLANG_CXX_LANGUAGE_STANDARD = "gnu++20";
				CLANG_ENABLE_MODULES = YES;
				CLANG_ENABLE_OBJC_ARC = YES;
				CLANG_ENABLE_OBJC_WEAK = YES;
				CLANG_WARN_BLOCK_CAPTURE_AUTORELEASING = YES;
				CLANG_WARN_BOOL_CONVERSION = YES;
				CLANG_WARN_COMMA = YES;
				CLANG_WARN_CONSTANT_CONVERSION = YES;
				CLANG_WARN_DEPRECATED_OBJC_IMPLEMENTATIONS = YES;
				CLANG_WARN_DIRECT_OBJC_ISA_USAGE = YES_ERROR;
				CLANG_WARN_DOCUMENTATION_COMMENTS = YES;
				CLANG_WARN_EMPTY_BODY = YES;
				CLANG_WARN_ENUM_CONVERSION = YES;
				CLANG_WARN_INFINITE_RECURSION = YES;
				CLANG_WARN_INT_CONVERSION = YES;
				CLANG_WARN_NON_LITERAL_NULL_CONVERSION = YES;
				CLANG_WARN_OBJC_IMPLICIT_RETAIN_SELF = YES;
				CLANG_WARN_OBJC_LITERAL_CONVERSION = YES;
				CLANG_WARN_OBJC_ROOT_CLASS = YES_ERROR;
				CLANG_WARN_QUOTED_INCLUDE_IN_FRAMEWORK_HEADER = YES;
				CLANG_WARN_RANGE_LOOP_ANALYSIS = YES;
				CLANG_WARN_STRICT_PROTOTYPES = YES;
				CLANG_WARN_SUSPICIOUS_MOVE = YES;
				CLANG_WARN_UNGUARDED_AVAILABILITY = YES_AGGRESSIVE;
				CLANG_WARN_UNREACHABLE_CODE = YES;
				CLANG_WARN__DUPLICATE_METHOD_MATCH = YES;
				COPY_PHASE_STRIP = NO;
				DEBUG_INFORMATION_FORMAT = "dwarf-with-dsym";
				ENABLE_NS_ASSERTIONS = NO;
				ENABLE_STRICT_OBJC_MSGSEND = YES;
				GCC_C_LANGUAGE_STANDARD = gnu11;
				GCC_NO_COMMON_BLOCKS = YES;
				GCC_WARN_64_TO_32_BIT_CONVERSION = YES;
				GCC_WARN_ABOUT_RETURN_TYPE = YES_ERROR;
				GCC_WARN_UNDECLARED_SELECTOR = YES;
				GCC_WARN_UNINITIALIZED_AUTOS = YES_AGGRESSIVE;
				GCC_WARN_UNUSED_FUNCTION = YES;
				GCC_WARN_UNUSED_VARIABLE = YES;
				IPHONEOS_DEPLOYMENT_TARGET = 14.1;
				MTL_ENABLE_DEBUG_INFO = NO;
				MTL_FAST_MATH = YES;
				SDKROOT = iphoneos;
				SWIFT_COMPILATION_MODE = wholemodule;
				SWIFT_OPTIMIZATION_LEVEL = "-O";
				VALIDATE_PRODUCT = YES;
			};
			name = Release;
		};
		A07514E62A6D16820069881F /* Debug */ = {
			isa = XCBuildConfiguration;
			baseConfigurationReference = 2F3881356806FF45D431A49B /* Pods-littlePink-git.debug.xcconfig */;
			buildSettings = {
				ASSETCATALOG_COMPILER_APPICON_NAME = AppIcon;
				ASSETCATALOG_COMPILER_GLOBAL_ACCENT_COLOR_NAME = AccentColor;
				CODE_SIGN_STYLE = Automatic;
				CURRENT_PROJECT_VERSION = 1;
				DEVELOPMENT_TEAM = 9VX3RUK938;
				GENERATE_INFOPLIST_FILE = YES;
				INFOPLIST_FILE = "littlePink-git/Info.plist";
				INFOPLIST_KEY_CFBundleDisplayName = Pink;
				INFOPLIST_KEY_NSCameraUsageDescription = "";
				INFOPLIST_KEY_NSMicrophoneUsageDescription = "";
				INFOPLIST_KEY_NSPhotoLibraryAddUsageDescription = "";
				INFOPLIST_KEY_NSPhotoLibraryUsageDescription = "";
				INFOPLIST_KEY_UIApplicationSupportsIndirectInputEvents = YES;
				INFOPLIST_KEY_UILaunchStoryboardName = LaunchScreen.storyboard;
				INFOPLIST_KEY_UIMainStoryboardFile = Main;
				INFOPLIST_KEY_UISupportedInterfaceOrientations = UIInterfaceOrientationPortrait;
				INFOPLIST_KEY_UISupportedInterfaceOrientations_iPad = "UIInterfaceOrientationPortrait UIInterfaceOrientationPortraitUpsideDown";
				IPHONEOS_DEPLOYMENT_TARGET = 13.0;
				LD_RUNPATH_SEARCH_PATHS = (
					"$(inherited)",
					"@executable_path/Frameworks",
				);
				MARKETING_VERSION = 1.0;
				PRODUCT_BUNDLE_IDENTIFIER = "com.feng.littlePink-git";
				PRODUCT_NAME = "$(TARGET_NAME)";
				SUPPORTED_PLATFORMS = "iphoneos iphonesimulator";
				SUPPORTS_MACCATALYST = NO;
				SUPPORTS_MAC_DESIGNED_FOR_IPHONE_IPAD = NO;
				SUPPORTS_XR_DESIGNED_FOR_IPHONE_IPAD = NO;
				SWIFT_EMIT_LOC_STRINGS = YES;
				SWIFT_OBJC_BRIDGING_HEADER = "littlePink-git/Little-Pink-Bridging-Header.h";
				SWIFT_VERSION = 5.0;
				TARGETED_DEVICE_FAMILY = 1;
			};
			name = Debug;
		};
		A07514E72A6D16820069881F /* Release */ = {
			isa = XCBuildConfiguration;
			baseConfigurationReference = 7410012298097E13363649BE /* Pods-littlePink-git.release.xcconfig */;
			buildSettings = {
				ASSETCATALOG_COMPILER_APPICON_NAME = AppIcon;
				ASSETCATALOG_COMPILER_GLOBAL_ACCENT_COLOR_NAME = AccentColor;
				CODE_SIGN_STYLE = Automatic;
				CURRENT_PROJECT_VERSION = 1;
				DEVELOPMENT_TEAM = 9VX3RUK938;
				GENERATE_INFOPLIST_FILE = YES;
				INFOPLIST_FILE = "littlePink-git/Info.plist";
				INFOPLIST_KEY_CFBundleDisplayName = Pink;
				INFOPLIST_KEY_NSCameraUsageDescription = "";
				INFOPLIST_KEY_NSMicrophoneUsageDescription = "";
				INFOPLIST_KEY_NSPhotoLibraryAddUsageDescription = "";
				INFOPLIST_KEY_NSPhotoLibraryUsageDescription = "";
				INFOPLIST_KEY_UIApplicationSupportsIndirectInputEvents = YES;
				INFOPLIST_KEY_UILaunchStoryboardName = LaunchScreen.storyboard;
				INFOPLIST_KEY_UIMainStoryboardFile = Main;
				INFOPLIST_KEY_UISupportedInterfaceOrientations = UIInterfaceOrientationPortrait;
				INFOPLIST_KEY_UISupportedInterfaceOrientations_iPad = "UIInterfaceOrientationPortrait UIInterfaceOrientationPortraitUpsideDown";
				IPHONEOS_DEPLOYMENT_TARGET = 13.0;
				LD_RUNPATH_SEARCH_PATHS = (
					"$(inherited)",
					"@executable_path/Frameworks",
				);
				MARKETING_VERSION = 1.0;
				PRODUCT_BUNDLE_IDENTIFIER = "com.feng.littlePink-git";
				PRODUCT_NAME = "$(TARGET_NAME)";
				SUPPORTED_PLATFORMS = "iphoneos iphonesimulator";
				SUPPORTS_MACCATALYST = NO;
				SUPPORTS_MAC_DESIGNED_FOR_IPHONE_IPAD = NO;
				SUPPORTS_XR_DESIGNED_FOR_IPHONE_IPAD = NO;
				SWIFT_EMIT_LOC_STRINGS = YES;
				SWIFT_OBJC_BRIDGING_HEADER = "littlePink-git/Little-Pink-Bridging-Header.h";
				SWIFT_VERSION = 5.0;
				TARGETED_DEVICE_FAMILY = 1;
			};
			name = Release;
		};
/* End XCBuildConfiguration section */

/* Begin XCConfigurationList section */
		A07514CC2A6D16800069881F /* Build configuration list for PBXProject "littlePink-git" */ = {
			isa = XCConfigurationList;
			buildConfigurations = (
				A07514E32A6D16820069881F /* Debug */,
				A07514E42A6D16820069881F /* Release */,
			);
			defaultConfigurationIsVisible = 0;
			defaultConfigurationName = Release;
		};
		A07514E52A6D16820069881F /* Build configuration list for PBXNativeTarget "littlePink-git" */ = {
			isa = XCConfigurationList;
			buildConfigurations = (
				A07514E62A6D16820069881F /* Debug */,
				A07514E72A6D16820069881F /* Release */,
			);
			defaultConfigurationIsVisible = 0;
			defaultConfigurationName = Release;
		};
/* End XCConfigurationList section */
	};
	rootObject = A07514C92A6D16800069881F /* Project object */;
}
